
Microsoft Visual Studio Solution File, Format Version 12.00
# Visual Studio Version 16
VisualStudioVersion = 16.0.31205.134
MinimumVisualStudioVersion = 10.0.40219.1
Project("{FAE04EC0-301F-11D3-BF4B-00C04F79EFBC}") = "DevelopersChallenge2.Application", "DevelopersChallenge2.Application\DevelopersChallenge2.Application.csproj", "{CC4D5F68-6867-452B-AC5D-038C8342BE77}"
EndProject
Global
	GlobalSection(SolutionConfigurationPlatforms) = preSolution
		Debug|Any CPU = Debug|Any CPU
		Release|Any CPU = Release|Any CPU
	EndGlobalSection
	GlobalSection(ProjectConfigurationPlatforms) = postSolution
		{CC4D5F68-6867-452B-AC5D-038C8342BE77}.Debug|Any CPU.ActiveCfg = Debug|Any CPU
		{CC4D5F68-6867-452B-AC5D-038C8342BE77}.Debug|Any CPU.Build.0 = Debug|Any CPU
		{CC4D5F68-6867-452B-AC5D-038C8342BE77}.Release|Any CPU.ActiveCfg = Release|Any CPU
		{CC4D5F68-6867-452B-AC5D-038C8342BE77}.Release|Any CPU.Build.0 = Release|Any CPU
	EndGlobalSection
	GlobalSection(SolutionProperties) = preSolution
		HideSolutionNode = FALSE
	EndGlobalSection
	GlobalSection(ExtensibilityGlobals) = postSolution
		SolutionGuid = {9DD4A804-B50D-4996-B996-F5B082E4FA1D}
	EndGlobalSection
EndGlobal
