
Microsoft Visual Studio Solution File, Format Version 12.00
# Visual Studio Version 16
VisualStudioVersion = 16.0.28803.352
MinimumVisualStudioVersion = 10.0.40219.1
Project("{2150E333-8FDC-42A3-9474-1A3956D46DE8}") = "Tests", "Tests", "{1DAD2561-D964-41DA-B030-CE58082ED130}"
EndProject
Project("{9A19103F-16F7-4668-BE54-9A1E7A4F7556}") = "API", "API\API.csproj", "{2FFCC853-9450-4B04-B93A-644F5B3AD7E3}"
EndProject
Project("{9A19103F-16F7-4668-BE54-9A1E7A4F7556}") = "Tests.API", "Tests.API\Tests.API.csproj", "{D8FF6ABE-3827-447C-8A33-88EA38E002AC}"
EndProject
Global
	GlobalSection(SolutionConfigurationPlatforms) = preSolution
		Debug|Any CPU = Debug|Any CPU
		Release|Any CPU = Release|Any CPU
	EndGlobalSection
	GlobalSection(ProjectConfigurationPlatforms) = postSolution
		{2FFCC853-9450-4B04-B93A-644F5B3AD7E3}.Debug|Any CPU.ActiveCfg = Debug|Any CPU
		{2FFCC853-9450-4B04-B93A-644F5B3AD7E3}.Debug|Any CPU.Build.0 = Debug|Any CPU
		{2FFCC853-9450-4B04-B93A-644F5B3AD7E3}.Release|Any CPU.ActiveCfg = Release|Any CPU
		{2FFCC853-9450-4B04-B93A-644F5B3AD7E3}.Release|Any CPU.Build.0 = Release|Any CPU
		{D8FF6ABE-3827-447C-8A33-88EA38E002AC}.Debug|Any CPU.ActiveCfg = Debug|Any CPU
		{D8FF6ABE-3827-447C-8A33-88EA38E002AC}.Debug|Any CPU.Build.0 = Debug|Any CPU
		{D8FF6ABE-3827-447C-8A33-88EA38E002AC}.Release|Any CPU.ActiveCfg = Release|Any CPU
		{D8FF6ABE-3827-447C-8A33-88EA38E002AC}.Release|Any CPU.Build.0 = Release|Any CPU
	EndGlobalSection
	GlobalSection(SolutionProperties) = preSolution
		HideSolutionNode = FALSE
	EndGlobalSection
	GlobalSection(NestedProjects) = preSolution
		{D8FF6ABE-3827-447C-8A33-88EA38E002AC} = {1DAD2561-D964-41DA-B030-CE58082ED130}
	EndGlobalSection
	GlobalSection(ExtensibilityGlobals) = postSolution
		SolutionGuid = {F794DC71-9785-4076-8ED3-331EA628C253}
	EndGlobalSection
EndGlobal
